// !$*UTF8*$!
{
	archiveVersion = 1;
	classes = {
	};
	objectVersion = 46;
	objects = {

/* Begin PBXBuildFile section */
		F2203A601A845A1700F39311 /* avatar.png in Resources */ = {isa = PBXBuildFile; fileRef = F2203A5F1A845A1700F39311 /* avatar.png */; };
		F2203A6A1A845BD500F39311 /* cam.png in Resources */ = {isa = PBXBuildFile; fileRef = F2203A681A845BD500F39311 /* cam.png */; };
		F2203A6B1A845BD500F39311 /* camera.png in Resources */ = {isa = PBXBuildFile; fileRef = F2203A691A845BD500F39311 /* camera.png */; };
		F2203A6E1A845E0C00F39311 /* NewFriend.m in Sources */ = {isa = PBXBuildFile; fileRef = F2203A6D1A845E0C00F39311 /* NewFriend.m */; };
		F2203A701A8460FB00F39311 /* camarita.png in Resources */ = {isa = PBXBuildFile; fileRef = F2203A6F1A8460FB00F39311 /* camarita.png */; };
		F2203A731A84923800F39311 /* CeldaFriend.m in Sources */ = {isa = PBXBuildFile; fileRef = F2203A721A84923800F39311 /* CeldaFriend.m */; };
		F245DBE31A851966008A4DBB /* DetailFriend.m in Sources */ = {isa = PBXBuildFile; fileRef = F245DBE21A851966008A4DBB /* DetailFriend.m */; };
		F2A167651A82C5C8006FCD09 /* main.m in Sources */ = {isa = PBXBuildFile; fileRef = F2A167641A82C5C8006FCD09 /* main.m */; };
		F2A167681A82C5C8006FCD09 /* AppDelegate.m in Sources */ = {isa = PBXBuildFile; fileRef = F2A167671A82C5C8006FCD09 /* AppDelegate.m */; };
		F2A1676B1A82C5C8006FCD09 /* Home.m in Sources */ = {isa = PBXBuildFile; fileRef = F2A1676A1A82C5C8006FCD09 /* Home.m */; };
		F2A1676E1A82C5C8006FCD09 /* Main.storyboard in Resources */ = {isa = PBXBuildFile; fileRef = F2A1676C1A82C5C8006FCD09 /* Main.storyboard */; };
		F2A167701A82C5C8006FCD09 /* Images.xcassets in Resources */ = {isa = PBXBuildFile; fileRef = F2A1676F1A82C5C8006FCD09 /* Images.xcassets */; };
		F2A167731A82C5C8006FCD09 /* LaunchScreen.xib in Resources */ = {isa = PBXBuildFile; fileRef = F2A167711A82C5C8006FCD09 /* LaunchScreen.xib */; };
		F2A1677F1A82C5C9006FCD09 /* friends_statusTests.m in Sources */ = {isa = PBXBuildFile; fileRef = F2A1677E1A82C5C9006FCD09 /* friends_statusTests.m */; };
		F2A167891A82F885006FCD09 /* libsqlite3.dylib in Frameworks */ = {isa = PBXBuildFile; fileRef = F2A167881A82F885006FCD09 /* libsqlite3.dylib */; };
		F2A1678E1A82F9AC006FCD09 /* DAO.m in Sources */ = {isa = PBXBuildFile; fileRef = F2A1678D1A82F9AC006FCD09 /* DAO.m */; };
		F2A167911A82FD25006FCD09 /* Friend.m in Sources */ = {isa = PBXBuildFile; fileRef = F2A167901A82FD25006FCD09 /* Friend.m */; };
		F2A167941A830448006FCD09 /* DAOFriend.m in Sources */ = {isa = PBXBuildFile; fileRef = F2A167931A830448006FCD09 /* DAOFriend.m */; };
/* End PBXBuildFile section */

/* Begin PBXContainerItemProxy section */
		F2A167791A82C5C9006FCD09 /* PBXContainerItemProxy */ = {
			isa = PBXContainerItemProxy;
			containerPortal = F2A167571A82C5C8006FCD09 /* Project object */;
			proxyType = 1;
			remoteGlobalIDString = F2A1675E1A82C5C8006FCD09;
			remoteInfo = "friends-status";
		};
/* End PBXContainerItemProxy section */

/* Begin PBXFileReference section */
		F2203A5F1A845A1700F39311 /* avatar.png */ = {isa = PBXFileReference; lastKnownFileType = image.png; path = avatar.png; sourceTree = "<group>"; };
		F2203A681A845BD500F39311 /* cam.png */ = {isa = PBXFileReference; lastKnownFileType = image.png; path = cam.png; sourceTree = "<group>"; };
		F2203A691A845BD500F39311 /* camera.png */ = {isa = PBXFileReference; lastKnownFileType = image.png; path = camera.png; sourceTree = "<group>"; };
		F2203A6C1A845E0C00F39311 /* NewFriend.h */ = {isa = PBXFileReference; fileEncoding = 4; lastKnownFileType = sourcecode.c.h; path = NewFriend.h; sourceTree = "<group>"; };
		F2203A6D1A845E0C00F39311 /* NewFriend.m */ = {isa = PBXFileReference; fileEncoding = 4; lastKnownFileType = sourcecode.c.objc; path = NewFriend.m; sourceTree = "<group>"; };
		F2203A6F1A8460FB00F39311 /* camarita.png */ = {isa = PBXFileReference; lastKnownFileType = image.png; path = camarita.png; sourceTree = "<group>"; };
		F2203A711A84923800F39311 /* CeldaFriend.h */ = {isa = PBXFileReference; fileEncoding = 4; lastKnownFileType = sourcecode.c.h; path = CeldaFriend.h; sourceTree = "<group>"; };
		F2203A721A84923800F39311 /* CeldaFriend.m */ = {isa = PBXFileReference; fileEncoding = 4; lastKnownFileType = sourcecode.c.objc; path = CeldaFriend.m; sourceTree = "<group>"; };
		F245DBE11A851966008A4DBB /* DetailFriend.h */ = {isa = PBXFileReference; fileEncoding = 4; lastKnownFileType = sourcecode.c.h; path = DetailFriend.h; sourceTree = "<group>"; };
		F245DBE21A851966008A4DBB /* DetailFriend.m */ = {isa = PBXFileReference; fileEncoding = 4; lastKnownFileType = sourcecode.c.objc; path = DetailFriend.m; sourceTree = "<group>"; };
		F2A1675F1A82C5C8006FCD09 /* friends-status.app */ = {isa = PBXFileReference; explicitFileType = wrapper.application; includeInIndex = 0; path = "friends-status.app"; sourceTree = BUILT_PRODUCTS_DIR; };
		F2A167631A82C5C8006FCD09 /* Info.plist */ = {isa = PBXFileReference; lastKnownFileType = text.plist.xml; path = Info.plist; sourceTree = "<group>"; };
		F2A167641A82C5C8006FCD09 /* main.m */ = {isa = PBXFileReference; lastKnownFileType = sourcecode.c.objc; path = main.m; sourceTree = "<group>"; };
		F2A167661A82C5C8006FCD09 /* AppDelegate.h */ = {isa = PBXFileReference; lastKnownFileType = sourcecode.c.h; path = AppDelegate.h; sourceTree = "<group>"; };
		F2A167671A82C5C8006FCD09 /* AppDelegate.m */ = {isa = PBXFileReference; lastKnownFileType = sourcecode.c.objc; path = AppDelegate.m; sourceTree = "<group>"; };
		F2A167691A82C5C8006FCD09 /* Home.h */ = {isa = PBXFileReference; lastKnownFileType = sourcecode.c.h; path = Home.h; sourceTree = "<group>"; };
		F2A1676A1A82C5C8006FCD09 /* Home.m */ = {isa = PBXFileReference; lastKnownFileType = sourcecode.c.objc; path = Home.m; sourceTree = "<group>"; };
		F2A1676D1A82C5C8006FCD09 /* Base */ = {isa = PBXFileReference; lastKnownFileType = file.storyboard; name = Base; path = Base.lproj/Main.storyboard; sourceTree = "<group>"; };
		F2A1676F1A82C5C8006FCD09 /* Images.xcassets */ = {isa = PBXFileReference; lastKnownFileType = folder.assetcatalog; path = Images.xcassets; sourceTree = "<group>"; };
		F2A167721A82C5C8006FCD09 /* Base */ = {isa = PBXFileReference; lastKnownFileType = file.xib; name = Base; path = Base.lproj/LaunchScreen.xib; sourceTree = "<group>"; };
		F2A167781A82C5C9006FCD09 /* friends-statusTests.xctest */ = {isa = PBXFileReference; explicitFileType = wrapper.cfbundle; includeInIndex = 0; path = "friends-statusTests.xctest"; sourceTree = BUILT_PRODUCTS_DIR; };
		F2A1677D1A82C5C9006FCD09 /* Info.plist */ = {isa = PBXFileReference; lastKnownFileType = text.plist.xml; path = Info.plist; sourceTree = "<group>"; };
		F2A1677E1A82C5C9006FCD09 /* friends_statusTests.m */ = {isa = PBXFileReference; lastKnownFileType = sourcecode.c.objc; path = friends_statusTests.m; sourceTree = "<group>"; };
		F2A167881A82F885006FCD09 /* libsqlite3.dylib */ = {isa = PBXFileReference; lastKnownFileType = "compiled.mach-o.dylib"; name = libsqlite3.dylib; path = usr/lib/libsqlite3.dylib; sourceTree = SDKROOT; };
		F2A1678C1A82F9AC006FCD09 /* DAO.h */ = {isa = PBXFileReference; fileEncoding = 4; lastKnownFileType = sourcecode.c.h; path = DAO.h; sourceTree = "<group>"; };
		F2A1678D1A82F9AC006FCD09 /* DAO.m */ = {isa = PBXFileReference; fileEncoding = 4; lastKnownFileType = sourcecode.c.objc; path = DAO.m; sourceTree = "<group>"; };
		F2A1678F1A82FD25006FCD09 /* Friend.h */ = {isa = PBXFileReference; fileEncoding = 4; lastKnownFileType = sourcecode.c.h; path = Friend.h; sourceTree = "<group>"; };
		F2A167901A82FD25006FCD09 /* Friend.m */ = {isa = PBXFileReference; fileEncoding = 4; lastKnownFileType = sourcecode.c.objc; path = Friend.m; sourceTree = "<group>"; };
		F2A167921A830448006FCD09 /* DAOFriend.h */ = {isa = PBXFileReference; fileEncoding = 4; lastKnownFileType = sourcecode.c.h; path = DAOFriend.h; sourceTree = "<group>"; };
		F2A167931A830448006FCD09 /* DAOFriend.m */ = {isa = PBXFileReference; fileEncoding = 4; lastKnownFileType = sourcecode.c.objc; path = DAOFriend.m; sourceTree = "<group>"; };
/* End PBXFileReference section */

/* Begin PBXFrameworksBuildPhase section */
		F2A1675C1A82C5C8006FCD09 /* Frameworks */ = {
			isa = PBXFrameworksBuildPhase;
			buildActionMask = 2147483647;
			files = (
				F2A167891A82F885006FCD09 /* libsqlite3.dylib in Frameworks */,
			);
			runOnlyForDeploymentPostprocessing = 0;
		};
		F2A167751A82C5C9006FCD09 /* Frameworks */ = {
			isa = PBXFrameworksBuildPhase;
			buildActionMask = 2147483647;
			files = (
			);
			runOnlyForDeploymentPostprocessing = 0;
		};
/* End PBXFrameworksBuildPhase section */

/* Begin PBXGroup section */
		F2203A5E1A845A1700F39311 /* static */ = {
			isa = PBXGroup;
			children = (
				F2203A6F1A8460FB00F39311 /* camarita.png */,
				F2203A681A845BD500F39311 /* cam.png */,
				F2203A691A845BD500F39311 /* camera.png */,
				F2203A5F1A845A1700F39311 /* avatar.png */,
			);
			path = static;
			sourceTree = "<group>";
		};
		F2A167561A82C5C8006FCD09 = {
			isa = PBXGroup;
			children = (
				F2A167611A82C5C8006FCD09 /* friends-status */,
				F2A1677B1A82C5C9006FCD09 /* friends-statusTests */,
				F2A167601A82C5C8006FCD09 /* Products */,
			);
			sourceTree = "<group>";
		};
		F2A167601A82C5C8006FCD09 /* Products */ = {
			isa = PBXGroup;
			children = (
				F2A1675F1A82C5C8006FCD09 /* friends-status.app */,
				F2A167781A82C5C9006FCD09 /* friends-statusTests.xctest */,
			);
			name = Products;
			sourceTree = "<group>";
		};
		F2A167611A82C5C8006FCD09 /* friends-status */ = {
			isa = PBXGroup;
			children = (
				F2203A5E1A845A1700F39311 /* static */,
				F2A1678B1A82F976006FCD09 /* Models */,
				F2A167661A82C5C8006FCD09 /* AppDelegate.h */,
				F2A167671A82C5C8006FCD09 /* AppDelegate.m */,
				F2A167691A82C5C8006FCD09 /* Home.h */,
				F2A1676A1A82C5C8006FCD09 /* Home.m */,
				F2203A6C1A845E0C00F39311 /* NewFriend.h */,
				F2203A6D1A845E0C00F39311 /* NewFriend.m */,
				F245DBE11A851966008A4DBB /* DetailFriend.h */,
				F245DBE21A851966008A4DBB /* DetailFriend.m */,
				F2A1676C1A82C5C8006FCD09 /* Main.storyboard */,
				F2A1676F1A82C5C8006FCD09 /* Images.xcassets */,
				F2A167711A82C5C8006FCD09 /* LaunchScreen.xib */,
				F2A167621A82C5C8006FCD09 /* Supporting Files */,
				F2A1678A1A82F89D006FCD09 /* Frameworks */,
			);
			path = "friends-status";
			sourceTree = "<group>";
		};
		F2A167621A82C5C8006FCD09 /* Supporting Files */ = {
			isa = PBXGroup;
			children = (
				F2A167631A82C5C8006FCD09 /* Info.plist */,
				F2A167641A82C5C8006FCD09 /* main.m */,
			);
			name = "Supporting Files";
			sourceTree = "<group>";
		};
		F2A1677B1A82C5C9006FCD09 /* friends-statusTests */ = {
			isa = PBXGroup;
			children = (
				F2A1677E1A82C5C9006FCD09 /* friends_statusTests.m */,
				F2A1677C1A82C5C9006FCD09 /* Supporting Files */,
			);
			path = "friends-statusTests";
			sourceTree = "<group>";
		};
		F2A1677C1A82C5C9006FCD09 /* Supporting Files */ = {
			isa = PBXGroup;
			children = (
				F2A1677D1A82C5C9006FCD09 /* Info.plist */,
			);
			name = "Supporting Files";
			sourceTree = "<group>";
		};
		F2A1678A1A82F89D006FCD09 /* Frameworks */ = {
			isa = PBXGroup;
			children = (
				F2A167881A82F885006FCD09 /* libsqlite3.dylib */,
			);
			name = Frameworks;
			path = ..;
			sourceTree = "<group>";
		};
		F2A1678B1A82F976006FCD09 /* Models */ = {
			isa = PBXGroup;
			children = (
				F2A1678C1A82F9AC006FCD09 /* DAO.h */,
				F2A1678D1A82F9AC006FCD09 /* DAO.m */,
				F2A1678F1A82FD25006FCD09 /* Friend.h */,
				F2A167901A82FD25006FCD09 /* Friend.m */,
				F2A167921A830448006FCD09 /* DAOFriend.h */,
				F2A167931A830448006FCD09 /* DAOFriend.m */,
				F2203A711A84923800F39311 /* CeldaFriend.h */,
				F2203A721A84923800F39311 /* CeldaFriend.m */,
			);
			name = Models;
			sourceTree = "<group>";
		};
/* End PBXGroup section */

/* Begin PBXNativeTarget section */
		F2A1675E1A82C5C8006FCD09 /* friends-status */ = {
			isa = PBXNativeTarget;
			buildConfigurationList = F2A167821A82C5C9006FCD09 /* Build configuration list for PBXNativeTarget "friends-status" */;
			buildPhases = (
				F2A1675B1A82C5C8006FCD09 /* Sources */,
				F2A1675C1A82C5C8006FCD09 /* Frameworks */,
				F2A1675D1A82C5C8006FCD09 /* Resources */,
			);
			buildRules = (
			);
			dependencies = (
			);
			name = "friends-status";
			productName = "friends-status";
			productReference = F2A1675F1A82C5C8006FCD09 /* friends-status.app */;
			productType = "com.apple.product-type.application";
		};
		F2A167771A82C5C9006FCD09 /* friends-statusTests */ = {
			isa = PBXNativeTarget;
			buildConfigurationList = F2A167851A82C5C9006FCD09 /* Build configuration list for PBXNativeTarget "friends-statusTests" */;
			buildPhases = (
				F2A167741A82C5C9006FCD09 /* Sources */,
				F2A167751A82C5C9006FCD09 /* Frameworks */,
				F2A167761A82C5C9006FCD09 /* Resources */,
			);
			buildRules = (
			);
			dependencies = (
				F2A1677A1A82C5C9006FCD09 /* PBXTargetDependency */,
			);
			name = "friends-statusTests";
			productName = "friends-statusTests";
			productReference = F2A167781A82C5C9006FCD09 /* friends-statusTests.xctest */;
			productType = "com.apple.product-type.bundle.unit-test";
		};
/* End PBXNativeTarget section */

/* Begin PBXProject section */
		F2A167571A82C5C8006FCD09 /* Project object */ = {
			isa = PBXProject;
			attributes = {
				LastUpgradeCheck = 0610;
				ORGANIZATIONNAME = "Galileo Guzman";
				TargetAttributes = {
					F2A1675E1A82C5C8006FCD09 = {
						CreatedOnToolsVersion = 6.1.1;
					};
					F2A167771A82C5C9006FCD09 = {
						CreatedOnToolsVersion = 6.1.1;
						TestTargetID = F2A1675E1A82C5C8006FCD09;
					};
				};
			};
			buildConfigurationList = F2A1675A1A82C5C8006FCD09 /* Build configuration list for PBXProject "friends-status" */;
			compatibilityVersion = "Xcode 3.2";
			developmentRegion = English;
			hasScannedForEncodings = 0;
			knownRegions = (
				en,
				Base,
			);
			mainGroup = F2A167561A82C5C8006FCD09;
			productRefGroup = F2A167601A82C5C8006FCD09 /* Products */;
			projectDirPath = "";
			projectRoot = "";
			targets = (
				F2A1675E1A82C5C8006FCD09 /* friends-status */,
				F2A167771A82C5C9006FCD09 /* friends-statusTests */,
			);
		};
/* End PBXProject section */

/* Begin PBXResourcesBuildPhase section */
		F2A1675D1A82C5C8006FCD09 /* Resources */ = {
			isa = PBXResourcesBuildPhase;
			buildActionMask = 2147483647;
			files = (
				F2203A701A8460FB00F39311 /* camarita.png in Resources */,
				F2203A601A845A1700F39311 /* avatar.png in Resources */,
				F2A1676E1A82C5C8006FCD09 /* Main.storyboard in Resources */,
				F2203A6A1A845BD500F39311 /* cam.png in Resources */,
				F2A167731A82C5C8006FCD09 /* LaunchScreen.xib in Resources */,
				F2203A6B1A845BD500F39311 /* camera.png in Resources */,
				F2A167701A82C5C8006FCD09 /* Images.xcassets in Resources */,
			);
			runOnlyForDeploymentPostprocessing = 0;
		};
		F2A167761A82C5C9006FCD09 /* Resources */ = {
			isa = PBXResourcesBuildPhase;
			buildActionMask = 2147483647;
			files = (
			);
			runOnlyForDeploymentPostprocessing = 0;
		};
/* End PBXResourcesBuildPhase section */

/* Begin PBXSourcesBuildPhase section */
		F2A1675B1A82C5C8006FCD09 /* Sources */ = {
			isa = PBXSourcesBuildPhase;
			buildActionMask = 2147483647;
			files = (
				F2A1678E1A82F9AC006FCD09 /* DAO.m in Sources */,
				F2203A731A84923800F39311 /* CeldaFriend.m in Sources */,
				F2A167911A82FD25006FCD09 /* Friend.m in Sources */,
				F2A1676B1A82C5C8006FCD09 /* Home.m in Sources */,
				F2203A6E1A845E0C00F39311 /* NewFriend.m in Sources */,
				F245DBE31A851966008A4DBB /* DetailFriend.m in Sources */,
				F2A167681A82C5C8006FCD09 /* AppDelegate.m in Sources */,
				F2A167941A830448006FCD09 /* DAOFriend.m in Sources */,
				F2A167651A82C5C8006FCD09 /* main.m in Sources */,
			);
			runOnlyForDeploymentPostprocessing = 0;
		};
		F2A167741A82C5C9006FCD09 /* Sources */ = {
			isa = PBXSourcesBuildPhase;
			buildActionMask = 2147483647;
			files = (
				F2A1677F1A82C5C9006FCD09 /* friends_statusTests.m in Sources */,
			);
			runOnlyForDeploymentPostprocessing = 0;
		};
/* End PBXSourcesBuildPhase section */

/* Begin PBXTargetDependency section */
		F2A1677A1A82C5C9006FCD09 /* PBXTargetDependency */ = {
			isa = PBXTargetDependency;
			target = F2A1675E1A82C5C8006FCD09 /* friends-status */;
			targetProxy = F2A167791A82C5C9006FCD09 /* PBXContainerItemProxy */;
		};
/* End PBXTargetDependency section */

/* Begin PBXVariantGroup section */
		F2A1676C1A82C5C8006FCD09 /* Main.storyboard */ = {
			isa = PBXVariantGroup;
			children = (
				F2A1676D1A82C5C8006FCD09 /* Base */,
			);
			name = Main.storyboard;
			sourceTree = "<group>";
		};
		F2A167711A82C5C8006FCD09 /* LaunchScreen.xib */ = {
			isa = PBXVariantGroup;
			children = (
				F2A167721A82C5C8006FCD09 /* Base */,
			);
			name = LaunchScreen.xib;
			sourceTree = "<group>";
		};
/* End PBXVariantGroup section */

/* Begin XCBuildConfiguration section */
		F2A167801A82C5C9006FCD09 /* Debug */ = {
			isa = XCBuildConfiguration;
			buildSettings = {
				ALWAYS_SEARCH_USER_PATHS = NO;
				CLANG_CXX_LANGUAGE_STANDARD = "gnu++0x";
				CLANG_CXX_LIBRARY = "libc++";
				CLANG_ENABLE_MODULES = YES;
				CLANG_ENABLE_OBJC_ARC = YES;
				CLANG_WARN_BOOL_CONVERSION = YES;
				CLANG_WARN_CONSTANT_CONVERSION = YES;
				CLANG_WARN_DIRECT_OBJC_ISA_USAGE = YES_ERROR;
				CLANG_WARN_EMPTY_BODY = YES;
				CLANG_WARN_ENUM_CONVERSION = YES;
				CLANG_WARN_INT_CONVERSION = YES;
				CLANG_WARN_OBJC_ROOT_CLASS = YES_ERROR;
				CLANG_WARN_UNREACHABLE_CODE = YES;
				CLANG_WARN__DUPLICATE_METHOD_MATCH = YES;
				"CODE_SIGN_IDENTITY[sdk=iphoneos*]" = "iPhone Developer";
				COPY_PHASE_STRIP = NO;
				ENABLE_STRICT_OBJC_MSGSEND = YES;
				GCC_C_LANGUAGE_STANDARD = gnu99;
				GCC_DYNAMIC_NO_PIC = NO;
				GCC_OPTIMIZATION_LEVEL = 0;
				GCC_PREPROCESSOR_DEFINITIONS = (
					"DEBUG=1",
					"$(inherited)",
				);
				GCC_SYMBOLS_PRIVATE_EXTERN = NO;
				GCC_WARN_64_TO_32_BIT_CONVERSION = YES;
				GCC_WARN_ABOUT_RETURN_TYPE = YES_ERROR;
				GCC_WARN_UNDECLARED_SELECTOR = YES;
				GCC_WARN_UNINITIALIZED_AUTOS = YES_AGGRESSIVE;
				GCC_WARN_UNUSED_FUNCTION = YES;
				GCC_WARN_UNUSED_VARIABLE = YES;
				IPHONEOS_DEPLOYMENT_TARGET = 8.1;
				MTL_ENABLE_DEBUG_INFO = YES;
				ONLY_ACTIVE_ARCH = YES;
				SDKROOT = iphoneos;
			};
			name = Debug;
		};
		F2A167811A82C5C9006FCD09 /* Release */ = {
			isa = XCBuildConfiguration;
			buildSettings = {
				ALWAYS_SEARCH_USER_PATHS = NO;
				CLANG_CXX_LANGUAGE_STANDARD = "gnu++0x";
				CLANG_CXX_LIBRARY = "libc++";
				CLANG_ENABLE_MODULES = YES;
				CLANG_ENABLE_OBJC_ARC = YES;
				CLANG_WARN_BOOL_CONVERSION = YES;
				CLANG_WARN_CONSTANT_CONVERSION = YES;
				CLANG_WARN_DIRECT_OBJC_ISA_USAGE = YES_ERROR;
				CLANG_WARN_EMPTY_BODY = YES;
				CLANG_WARN_ENUM_CONVERSION = YES;
				CLANG_WARN_INT_CONVERSION = YES;
				CLANG_WARN_OBJC_ROOT_CLASS = YES_ERROR;
				CLANG_WARN_UNREACHABLE_CODE = YES;
				CLANG_WARN__DUPLICATE_METHOD_MATCH = YES;
				"CODE_SIGN_IDENTITY[sdk=iphoneos*]" = "iPhone Developer";
				COPY_PHASE_STRIP = YES;
				ENABLE_NS_ASSERTIONS = NO;
				ENABLE_STRICT_OBJC_MSGSEND = YES;
				GCC_C_LANGUAGE_STANDARD = gnu99;
				GCC_WARN_64_TO_32_BIT_CONVERSION = YES;
				GCC_WARN_ABOUT_RETURN_TYPE = YES_ERROR;
				GCC_WARN_UNDECLARED_SELECTOR = YES;
				GCC_WARN_UNINITIALIZED_AUTOS = YES_AGGRESSIVE;
				GCC_WARN_UNUSED_FUNCTION = YES;
				GCC_WARN_UNUSED_VARIABLE = YES;
				IPHONEOS_DEPLOYMENT_TARGET = 8.1;
				MTL_ENABLE_DEBUG_INFO = NO;
				SDKROOT = iphoneos;
				VALIDATE_PRODUCT = YES;
			};
			name = Release;
		};
		F2A167831A82C5C9006FCD09 /* Debug */ = {
			isa = XCBuildConfiguration;
			buildSettings = {
				ASSETCATALOG_COMPILER_APPICON_NAME = AppIcon;
				INFOPLIST_FILE = "friends-status/Info.plist";
				LD_RUNPATH_SEARCH_PATHS = "$(inherited) @executable_path/Frameworks";
				PRODUCT_NAME = "$(TARGET_NAME)";
			};
			name = Debug;
		};
		F2A167841A82C5C9006FCD09 /* Release */ = {
			isa = XCBuildConfiguration;
			buildSettings = {
				ASSETCATALOG_COMPILER_APPICON_NAME = AppIcon;
				INFOPLIST_FILE = "friends-status/Info.plist";
				LD_RUNPATH_SEARCH_PATHS = "$(inherited) @executable_path/Frameworks";
				PRODUCT_NAME = "$(TARGET_NAME)";
			};
			name = Release;
		};
		F2A167861A82C5C9006FCD09 /* Debug */ = {
			isa = XCBuildConfiguration;
			buildSettings = {
				BUNDLE_LOADER = "$(TEST_HOST)";
				FRAMEWORK_SEARCH_PATHS = (
					"$(SDKROOT)/Developer/Library/Frameworks",
					"$(inherited)",
				);
				GCC_PREPROCESSOR_DEFINITIONS = (
					"DEBUG=1",
					"$(inherited)",
				);
				INFOPLIST_FILE = "friends-statusTests/Info.plist";
				LD_RUNPATH_SEARCH_PATHS = "$(inherited) @executable_path/Frameworks @loader_path/Frameworks";
				PRODUCT_NAME = "$(TARGET_NAME)";
				TEST_HOST = "$(BUILT_PRODUCTS_DIR)/friends-status.app/friends-status";
			};
			name = Debug;
		};
		F2A167871A82C5C9006FCD09 /* Release */ = {
			isa = XCBuildConfiguration;
			buildSettings = {
				BUNDLE_LOADER = "$(TEST_HOST)";
				FRAMEWORK_SEARCH_PATHS = (
					"$(SDKROOT)/Developer/Library/Frameworks",
					"$(inherited)",
				);
				INFOPLIST_FILE = "friends-statusTests/Info.plist";
				LD_RUNPATH_SEARCH_PATHS = "$(inherited) @executable_path/Frameworks @loader_path/Frameworks";
				PRODUCT_NAME = "$(TARGET_NAME)";
				TEST_HOST = "$(BUILT_PRODUCTS_DIR)/friends-status.app/friends-status";
			};
			name = Release;
		};
/* End XCBuildConfiguration section */

/* Begin XCConfigurationList section */
		F2A1675A1A82C5C8006FCD09 /* Build configuration list for PBXProject "friends-status" */ = {
			isa = XCConfigurationList;
			buildConfigurations = (
				F2A167801A82C5C9006FCD09 /* Debug */,
				F2A167811A82C5C9006FCD09 /* Release */,
			);
			defaultConfigurationIsVisible = 0;
			defaultConfigurationName = Release;
		};
		F2A167821A82C5C9006FCD09 /* Build configuration list for PBXNativeTarget "friends-status" */ = {
			isa = XCConfigurationList;
			buildConfigurations = (
				F2A167831A82C5C9006FCD09 /* Debug */,
				F2A167841A82C5C9006FCD09 /* Release */,
			);
			defaultConfigurationIsVisible = 0;
			defaultConfigurationName = Release;
		};
		F2A167851A82C5C9006FCD09 /* Build configuration list for PBXNativeTarget "friends-statusTests" */ = {
			isa = XCConfigurationList;
			buildConfigurations = (
				F2A167861A82C5C9006FCD09 /* Debug */,
				F2A167871A82C5C9006FCD09 /* Release */,
			);
			defaultConfigurationIsVisible = 0;
			defaultConfigurationName = Release;
		};
/* End XCConfigurationList section */
	};
	rootObject = F2A167571A82C5C8006FCD09 /* Project object */;
}
